
Microsoft Visual Studio Solution File, Format Version 12.00
# Visual Studio Version 17
VisualStudioVersion = 17.1.32210.238
MinimumVisualStudioVersion = 10.0.40219.1
Project("{FAE04EC0-301F-11D3-BF4B-00C04F79EFBC}") = "ProjectFeedbackAPI", "ProjectFeedbackAPI\ProjectFeedbackAPI.csproj", "{BA4457C3-A357-4DD7-9090-6E0040F363D8}"
EndProject
Global
	GlobalSection(SolutionConfigurationPlatforms) = preSolution
		Debug|Any CPU = Debug|Any CPU
		Release|Any CPU = Release|Any CPU
	EndGlobalSection
	GlobalSection(ProjectConfigurationPlatforms) = postSolution
		{BA4457C3-A357-4DD7-9090-6E0040F363D8}.Debug|Any CPU.ActiveCfg = Debug|Any CPU
		{BA4457C3-A357-4DD7-9090-6E0040F363D8}.Debug|Any CPU.Build.0 = Debug|Any CPU
		{BA4457C3-A357-4DD7-9090-6E0040F363D8}.Release|Any CPU.ActiveCfg = Release|Any CPU
		{BA4457C3-A357-4DD7-9090-6E0040F363D8}.Release|Any CPU.Build.0 = Release|Any CPU
	EndGlobalSection
	GlobalSection(SolutionProperties) = preSolution
		HideSolutionNode = FALSE
	EndGlobalSection
	GlobalSection(ExtensibilityGlobals) = postSolution
		SolutionGuid = {AC0AF060-8066-4D19-90CB-69EFA4B642E7}
	EndGlobalSection
EndGlobal
